{
  "nodes": {
    "ags": {
      "inputs": {
        "nixpkgs": [
          "nixpkgs"
        ],
        "systems": "systems"
      },
      "locked": {
        "lastModified": 1721306136,
        "narHash": "sha256-VKPsIGf3/a+RONBipx4lEE4LXG2sdMNkWQu22LNQItg=",
        "owner": "Aylur",
        "repo": "ags",
        "rev": "344ea72cd3b8d4911f362fec34bce7d8fb37028c",
        "type": "github"
      },
      "original": {
        "owner": "Aylur",
        "repo": "ags",
        "type": "github"
      }
    },
    "binsider": {
      "inputs": {
        "flake-utils": "flake-utils",
        "nixpkgs": [
          "nixpkgs"
        ]
      },
      "locked": {
        "lastModified": 1726123847,
        "narHash": "sha256-kebdfrpCzFwUJ0cioZtOZTgaRCdCpwV9qNQS1z0p3WE=",
        "owner": "orhun",
        "repo": "binsider",
        "rev": "3c981613311d0b4008377aa9876b8330f1902d7f",
        "type": "github"
      },
      "original": {
        "owner": "orhun",
        "repo": "binsider",
        "type": "github"
      }
    },
    "crane": {
      "inputs": {
        "nixpkgs": [
          "hypr-utils",
          "nixpkgs"
        ]
      },
      "locked": {
        "lastModified": 1721842668,
        "narHash": "sha256-k3oiD2z2AAwBFLa4+xfU+7G5fisRXfkvrMTCJrjZzXo=",
        "owner": "ipetkov",
        "repo": "crane",
        "rev": "529c1a0b1f29f0d78fa3086b8f6a134c71ef3aaf",
        "type": "github"
      },
      "original": {
        "owner": "ipetkov",
        "repo": "crane",
        "type": "github"
      }
    },
    "flake-utils": {
      "inputs": {
        "systems": "systems_2"
      },
      "locked": {
        "lastModified": 1710146030,
        "narHash": "sha256-SZ5L6eA7HJ/nmkzGG7/ISclqe6oZdOZTNoesiInkXPQ=",
        "owner": "numtide",
        "repo": "flake-utils",
        "rev": "b1d9ab70662946ef0850d488da1c9019f3a9752a",
        "type": "github"
      },
      "original": {
        "owner": "numtide",
        "repo": "flake-utils",
        "type": "github"
      }
    },
    "flake-utils_2": {
      "inputs": {
        "systems": "systems_3"
      },
      "locked": {
        "lastModified": 1710146030,
        "narHash": "sha256-SZ5L6eA7HJ/nmkzGG7/ISclqe6oZdOZTNoesiInkXPQ=",
        "owner": "numtide",
        "repo": "flake-utils",
        "rev": "b1d9ab70662946ef0850d488da1c9019f3a9752a",
        "type": "github"
      },
      "original": {
        "owner": "numtide",
        "repo": "flake-utils",
        "type": "github"
      }
    },
    "home-manager": {
      "inputs": {
        "nixpkgs": [
          "nixpkgs"
        ]
      },
      "locked": {
        "lastModified": 1721852138,
        "narHash": "sha256-JH8N5uoqoVA6erV4O40VtKKHsnfmhvMGbxMNDLtim5o=",
        "owner": "nix-community",
        "repo": "home-manager",
        "rev": "304a011325b7ac7b8c9950333cd215a7aa146b0e",
        "type": "github"
      },
      "original": {
        "owner": "nix-community",
        "repo": "home-manager",
        "type": "github"
      }
    },
    "hypr-utils": {
      "inputs": {
        "crane": "crane",
        "flake-utils": "flake-utils_2",
        "nixpkgs": [
          "nixpkgs"
        ],
        "rust-overlay": "rust-overlay"
      },
      "locked": {
        "lastModified": 1722423925,
        "narHash": "sha256-4ohemuDJ5rCynJA4zlOeGag1jAlj7yJ8r5nqBOb0N1g=",
        "owner": "cameron1024",
        "repo": "hypr-utils",
        "rev": "75667c71125cd62a7c2893349960a51901e43e0e",
        "type": "github"
      },
      "original": {
        "owner": "cameron1024",
        "repo": "hypr-utils",
        "type": "github"
      }
    },
    "nix-darwin": {
      "inputs": {
        "nixpkgs": [
          "nixpkgs"
        ]
      },
      "locked": {
        "lastModified": 1721719500,
        "narHash": "sha256-nnkqjv4Y37Hydjh6HE9wW4kSkV5Q7q4iIXlL5lwUFOw=",
        "owner": "LnL7",
        "repo": "nix-darwin",
        "rev": "884f3fe6d9bf056ba0017c132c39c1f0d07d4fec",
        "type": "github"
      },
      "original": {
        "owner": "LnL7",
        "ref": "master",
        "repo": "nix-darwin",
        "type": "github"
      }
    },
    "nixpkgs": {
      "locked": {
        "lastModified": 1727802920,
        "narHash": "sha256-HP89HZOT0ReIbI7IJZJQoJgxvB2Tn28V6XS3MNKnfLs=",
        "owner": "nixos",
        "repo": "nixpkgs",
        "rev": "27e30d177e57d912d614c88c622dcfdb2e6e6515",
        "type": "github"
      },
      "original": {
        "owner": "nixos",
        "ref": "nixos-unstable",
        "repo": "nixpkgs",
        "type": "github"
      }
    },
    "root": {
      "inputs": {
        "ags": "ags",
        "binsider": "binsider",
        "home-manager": "home-manager",
        "hypr-utils": "hypr-utils",
        "nix-darwin": "nix-darwin",
        "nixpkgs": "nixpkgs"
      }
    },
    "rust-overlay": {
      "inputs": {
        "nixpkgs": [
          "hypr-utils",
          "nixpkgs"
        ]
      },
      "locked": {
        "lastModified": 1722046723,
        "narHash": "sha256-G7/gHz8ORRvHd1/RIURrdcswKRPe9K0FsIYR4v5jSWo=",
        "owner": "oxalica",
        "repo": "rust-overlay",
        "rev": "56baac5e6b2743d4730e664ea64f6d8a2aad0fbb",
        "type": "github"
      },
      "original": {
        "owner": "oxalica",
        "repo": "rust-overlay",
        "type": "github"
      }
    },
    "systems": {
      "locked": {
        "lastModified": 1689347949,
        "narHash": "sha256-12tWmuL2zgBgZkdoB6qXZsgJEH9LR3oUgpaQq2RbI80=",
        "owner": "nix-systems",
        "repo": "default-linux",
        "rev": "31732fcf5e8fea42e59c2488ad31a0e651500f68",
        "type": "github"
      },
      "original": {
        "owner": "nix-systems",
        "repo": "default-linux",
        "type": "github"
      }
    },
    "systems_2": {
      "locked": {
        "lastModified": 1681028828,
        "narHash": "sha256-Vy1rq5AaRuLzOxct8nz4T6wlgyUR7zLU309k9mBC768=",
        "owner": "nix-systems",
        "repo": "default",
        "rev": "da67096a3b9bf56a91d16901293e51ba5b49a27e",
        "type": "github"
      },
      "original": {
        "owner": "nix-systems",
        "repo": "default",
        "type": "github"
      }
    },
    "systems_3": {
      "locked": {
        "lastModified": 1681028828,
        "narHash": "sha256-Vy1rq5AaRuLzOxct8nz4T6wlgyUR7zLU309k9mBC768=",
        "owner": "nix-systems",
        "repo": "default",
        "rev": "da67096a3b9bf56a91d16901293e51ba5b49a27e",
        "type": "github"
      },
      "original": {
        "owner": "nix-systems",
        "repo": "default",
        "type": "github"
      }
    }
  },
  "root": "root",
  "version": 7
}
